{
  "name": "lnote",
  "version": "0.0.1",
  "lockfileVersion": 1,
  "requires": true,
  "dependencies": {
    "chrome-types": {
      "version": "0.1.173",
      "resolved": "https://registry.npmjs.org/chrome-types/-/chrome-types-0.1.173.tgz",
      "integrity": "sha512-MeOP6kSxThIpsloRr623K4CFzvXga87V4S+r3BGs1EkefSMP6IqilbOvKeqOAkIMaSMDz9dXkkIDS/0B4/Xw7A==",
      "dev": true
    }
  }
}
